
Microsoft Visual Studio Solution File, Format Version 12.00
# Visual Studio 15
VisualStudioVersion = 15.0.28307.902
MinimumVisualStudioVersion = 10.0.40219.1
Project("{FAE04EC0-301F-11D3-BF4B-00C04F79EFBC}") = "FileSender", "FileSender\FileSender.csproj", "{ACAC1D5C-9E23-4A40-9678-A4B60C0303B0}"
EndProject
Global
	GlobalSection(SolutionConfigurationPlatforms) = preSolution
		Debug|Any CPU = Debug|Any CPU
		Release|Any CPU = Release|Any CPU
	EndGlobalSection
	GlobalSection(ProjectConfigurationPlatforms) = postSolution
		{ACAC1D5C-9E23-4A40-9678-A4B60C0303B0}.Debug|Any CPU.ActiveCfg = Debug|Any CPU
		{ACAC1D5C-9E23-4A40-9678-A4B60C0303B0}.Debug|Any CPU.Build.0 = Debug|Any CPU
		{ACAC1D5C-9E23-4A40-9678-A4B60C0303B0}.Release|Any CPU.ActiveCfg = Release|Any CPU
		{ACAC1D5C-9E23-4A40-9678-A4B60C0303B0}.Release|Any CPU.Build.0 = Release|Any CPU
	EndGlobalSection
	GlobalSection(SolutionProperties) = preSolution
		HideSolutionNode = FALSE
	EndGlobalSection
	GlobalSection(ExtensibilityGlobals) = postSolution
		SolutionGuid = {551C7F0C-2FCC-44D6-847A-F71C5DA39AE6}
	EndGlobalSection
EndGlobal
